
Microsoft Visual Studio Solution File, Format Version 12.00
# Visual Studio Version 16
VisualStudioVersion = 16.0.31019.35
MinimumVisualStudioVersion = 10.0.40219.1
Project("{FAE04EC0-301F-11D3-BF4B-00C04F79EFBC}") = "Grupo2Seminario1", "Grupo2Seminario1\Grupo2Seminario1.csproj", "{1B4A0A02-C833-4DA9-B228-AA7B05A32ED0}"
EndProject
Global
	GlobalSection(SolutionConfigurationPlatforms) = preSolution
		Debug|Any CPU = Debug|Any CPU
		Release|Any CPU = Release|Any CPU
	EndGlobalSection
	GlobalSection(ProjectConfigurationPlatforms) = postSolution
		{1B4A0A02-C833-4DA9-B228-AA7B05A32ED0}.Debug|Any CPU.ActiveCfg = Debug|Any CPU
		{1B4A0A02-C833-4DA9-B228-AA7B05A32ED0}.Debug|Any CPU.Build.0 = Debug|Any CPU
		{1B4A0A02-C833-4DA9-B228-AA7B05A32ED0}.Release|Any CPU.ActiveCfg = Release|Any CPU
		{1B4A0A02-C833-4DA9-B228-AA7B05A32ED0}.Release|Any CPU.Build.0 = Release|Any CPU
	EndGlobalSection
	GlobalSection(SolutionProperties) = preSolution
		HideSolutionNode = FALSE
	EndGlobalSection
	GlobalSection(ExtensibilityGlobals) = postSolution
		SolutionGuid = {22CE9F15-E7F2-431C-8407-624734FB77E7}
	EndGlobalSection
EndGlobal
